
Microsoft Visual Studio Solution File, Format Version 12.00
# Visual Studio Version 16
VisualStudioVersion = 16.0.28803.156
MinimumVisualStudioVersion = 10.0.40219.1
Project("{FAE04EC0-301F-11D3-BF4B-00C04F79EFBC}") = "Cards", "Cards\Cards.csproj", "{4624296F-940F-4E25-8F40-A3B390D5FE79}"
EndProject
Global
	GlobalSection(SolutionConfigurationPlatforms) = preSolution
		Debug|Any CPU = Debug|Any CPU
		Release|Any CPU = Release|Any CPU
	EndGlobalSection
	GlobalSection(ProjectConfigurationPlatforms) = postSolution
		{4624296F-940F-4E25-8F40-A3B390D5FE79}.Debug|Any CPU.ActiveCfg = Debug|Any CPU
		{4624296F-940F-4E25-8F40-A3B390D5FE79}.Debug|Any CPU.Build.0 = Debug|Any CPU
		{4624296F-940F-4E25-8F40-A3B390D5FE79}.Release|Any CPU.ActiveCfg = Release|Any CPU
		{4624296F-940F-4E25-8F40-A3B390D5FE79}.Release|Any CPU.Build.0 = Release|Any CPU
	EndGlobalSection
	GlobalSection(SolutionProperties) = preSolution
		HideSolutionNode = FALSE
	EndGlobalSection
	GlobalSection(ExtensibilityGlobals) = postSolution
		SolutionGuid = {7080CFAB-9CD2-4EBA-8373-6A624BF12BB1}
	EndGlobalSection
EndGlobal
